
Microsoft Visual Studio Solution File, Format Version 12.00
# Visual Studio Version 17
VisualStudioVersion = 17.14.36203.30 d17.14
MinimumVisualStudioVersion = 10.0.40219.1
Project("{F184B08F-C81C-45F6-A57F-5ABD9991F28F}") = "Program2", "Program2\Program2.vbproj", "{A4F6D612-CB54-4268-9B05-3EFAAE80E1F7}"
EndProject
Global
	GlobalSection(SolutionConfigurationPlatforms) = preSolution
		Debug|Any CPU = Debug|Any CPU
		Release|Any CPU = Release|Any CPU
	EndGlobalSection
	GlobalSection(ProjectConfigurationPlatforms) = postSolution
		{A4F6D612-CB54-4268-9B05-3EFAAE80E1F7}.Debug|Any CPU.ActiveCfg = Debug|Any CPU
		{A4F6D612-CB54-4268-9B05-3EFAAE80E1F7}.Debug|Any CPU.Build.0 = Debug|Any CPU
		{A4F6D612-CB54-4268-9B05-3EFAAE80E1F7}.Release|Any CPU.ActiveCfg = Release|Any CPU
		{A4F6D612-CB54-4268-9B05-3EFAAE80E1F7}.Release|Any CPU.Build.0 = Release|Any CPU
	EndGlobalSection
	GlobalSection(SolutionProperties) = preSolution
		HideSolutionNode = FALSE
	EndGlobalSection
	GlobalSection(ExtensibilityGlobals) = postSolution
		SolutionGuid = {8517A427-50EB-4CF7-979E-89E03997E775}
	EndGlobalSection
EndGlobal
